
Microsoft Visual Studio Solution File, Format Version 12.00
# Visual Studio 15
VisualStudioVersion = 15.0.27428.2002
MinimumVisualStudioVersion = 10.0.40219.1
Project("{FAE04EC0-301F-11D3-BF4B-00C04F79EFBC}") = "Data", "MVCServer\Data.csproj", "{4F6FA90B-C84E-4A16-BF89-F8549964A85A}"
EndProject
Project("{FAE04EC0-301F-11D3-BF4B-00C04F79EFBC}") = "Services", "Services\Services.csproj", "{6C4343B0-0FB4-446C-B360-806C55FF8648}"
EndProject
Project("{FAE04EC0-301F-11D3-BF4B-00C04F79EFBC}") = "Access", "Access\Access.csproj", "{21C33D69-8270-4C92-9740-B1224BE5460A}"
EndProject
Project("{FAE04EC0-301F-11D3-BF4B-00C04F79EFBC}") = "DTOLibrary", "DTOLibrary\DTOLibrary.csproj", "{26657F67-B6CC-4503-BF0A-AC15F056E409}"
EndProject
Project("{FAE04EC0-301F-11D3-BF4B-00C04F79EFBC}") = "MVCDataLoader", "MVCViewModel\MVCDataLoader.csproj", "{06EADD4A-1B8A-40C2-8F6B-A6592F35ADFF}"
EndProject
Global
	GlobalSection(SolutionConfigurationPlatforms) = preSolution
		Debug|Any CPU = Debug|Any CPU
		Release|Any CPU = Release|Any CPU
	EndGlobalSection
	GlobalSection(ProjectConfigurationPlatforms) = postSolution
		{4F6FA90B-C84E-4A16-BF89-F8549964A85A}.Debug|Any CPU.ActiveCfg = Debug|Any CPU
		{4F6FA90B-C84E-4A16-BF89-F8549964A85A}.Debug|Any CPU.Build.0 = Debug|Any CPU
		{4F6FA90B-C84E-4A16-BF89-F8549964A85A}.Release|Any CPU.ActiveCfg = Release|Any CPU
		{4F6FA90B-C84E-4A16-BF89-F8549964A85A}.Release|Any CPU.Build.0 = Release|Any CPU
		{6C4343B0-0FB4-446C-B360-806C55FF8648}.Debug|Any CPU.ActiveCfg = Debug|Any CPU
		{6C4343B0-0FB4-446C-B360-806C55FF8648}.Debug|Any CPU.Build.0 = Debug|Any CPU
		{6C4343B0-0FB4-446C-B360-806C55FF8648}.Release|Any CPU.ActiveCfg = Release|Any CPU
		{6C4343B0-0FB4-446C-B360-806C55FF8648}.Release|Any CPU.Build.0 = Release|Any CPU
		{21C33D69-8270-4C92-9740-B1224BE5460A}.Debug|Any CPU.ActiveCfg = Debug|Any CPU
		{21C33D69-8270-4C92-9740-B1224BE5460A}.Debug|Any CPU.Build.0 = Debug|Any CPU
		{21C33D69-8270-4C92-9740-B1224BE5460A}.Release|Any CPU.ActiveCfg = Release|Any CPU
		{21C33D69-8270-4C92-9740-B1224BE5460A}.Release|Any CPU.Build.0 = Release|Any CPU
		{26657F67-B6CC-4503-BF0A-AC15F056E409}.Debug|Any CPU.ActiveCfg = Debug|Any CPU
		{26657F67-B6CC-4503-BF0A-AC15F056E409}.Debug|Any CPU.Build.0 = Debug|Any CPU
		{26657F67-B6CC-4503-BF0A-AC15F056E409}.Release|Any CPU.ActiveCfg = Release|Any CPU
		{26657F67-B6CC-4503-BF0A-AC15F056E409}.Release|Any CPU.Build.0 = Release|Any CPU
		{06EADD4A-1B8A-40C2-8F6B-A6592F35ADFF}.Debug|Any CPU.ActiveCfg = Debug|Any CPU
		{06EADD4A-1B8A-40C2-8F6B-A6592F35ADFF}.Debug|Any CPU.Build.0 = Debug|Any CPU
		{06EADD4A-1B8A-40C2-8F6B-A6592F35ADFF}.Release|Any CPU.ActiveCfg = Release|Any CPU
		{06EADD4A-1B8A-40C2-8F6B-A6592F35ADFF}.Release|Any CPU.Build.0 = Release|Any CPU
	EndGlobalSection
	GlobalSection(SolutionProperties) = preSolution
		HideSolutionNode = FALSE
	EndGlobalSection
	GlobalSection(ExtensibilityGlobals) = postSolution
		SolutionGuid = {368D264F-9ECC-4212-8A65-FFFAA1E49790}
	EndGlobalSection
EndGlobal
